
Microsoft Visual Studio Solution File, Format Version 12.00
# Visual Studio Version 17
VisualStudioVersion = 17.11.35208.52
MinimumVisualStudioVersion = 10.0.40219.1
Project("{FAE04EC0-301F-11D3-BF4B-00C04F79EFBC}") = "Api_FiesteDocs", "Api_FiesteDocs\Api_FiesteDocs.csproj", "{9BF33A17-6445-4CAF-8ED5-1CD6EBE88455}"
EndProject
Global
	GlobalSection(SolutionConfigurationPlatforms) = preSolution
		Debug|Any CPU = Debug|Any CPU
		Release|Any CPU = Release|Any CPU
	EndGlobalSection
	GlobalSection(ProjectConfigurationPlatforms) = postSolution
		{9BF33A17-6445-4CAF-8ED5-1CD6EBE88455}.Debug|Any CPU.ActiveCfg = Debug|Any CPU
		{9BF33A17-6445-4CAF-8ED5-1CD6EBE88455}.Debug|Any CPU.Build.0 = Debug|Any CPU
		{9BF33A17-6445-4CAF-8ED5-1CD6EBE88455}.Release|Any CPU.ActiveCfg = Release|Any CPU
		{9BF33A17-6445-4CAF-8ED5-1CD6EBE88455}.Release|Any CPU.Build.0 = Release|Any CPU
	EndGlobalSection
	GlobalSection(SolutionProperties) = preSolution
		HideSolutionNode = FALSE
	EndGlobalSection
	GlobalSection(ExtensibilityGlobals) = postSolution
		SolutionGuid = {953080B7-853D-4B4D-87DA-F6B97258A46C}
	EndGlobalSection
EndGlobal
